
Microsoft Visual Studio Solution File, Format Version 12.00
# Visual Studio 2012
Project("{FAE04EC0-301F-11D3-BF4B-00C04F79EFBC}") = "TreeDotNet", "TreeDotNet\TreeDotNet.csproj", "{0FE882E3-623B-4438-BF66-3A13C4A6B888}"
EndProject
Project("{FAE04EC0-301F-11D3-BF4B-00C04F79EFBC}") = "TreeDotNet.Tests", "TreeDotNet.Tests\TreeDotNet.Tests.csproj", "{48BA53D4-D52A-4948-8C2E-29C199407215}"
EndProject
Project("{2150E333-8FDC-42A3-9474-1A3956D46DE8}") = ".nuget", ".nuget", "{6F50170B-C718-4564-9988-E9DA8343A7D6}"
	ProjectSection(SolutionItems) = preProject
		.nuget\NuGet.Config = .nuget\NuGet.Config
		.nuget\NuGet.exe = .nuget\NuGet.exe
		.nuget\NuGet.targets = .nuget\NuGet.targets
	EndProjectSection
EndProject
Global
	GlobalSection(SolutionConfigurationPlatforms) = preSolution
		Debug|Any CPU = Debug|Any CPU
		Release|Any CPU = Release|Any CPU
	EndGlobalSection
	GlobalSection(ProjectConfigurationPlatforms) = postSolution
		{0FE882E3-623B-4438-BF66-3A13C4A6B888}.Debug|Any CPU.ActiveCfg = Debug|Any CPU
		{0FE882E3-623B-4438-BF66-3A13C4A6B888}.Debug|Any CPU.Build.0 = Debug|Any CPU
		{0FE882E3-623B-4438-BF66-3A13C4A6B888}.Release|Any CPU.ActiveCfg = Release|Any CPU
		{0FE882E3-623B-4438-BF66-3A13C4A6B888}.Release|Any CPU.Build.0 = Release|Any CPU
		{48BA53D4-D52A-4948-8C2E-29C199407215}.Debug|Any CPU.ActiveCfg = Debug|Any CPU
		{48BA53D4-D52A-4948-8C2E-29C199407215}.Debug|Any CPU.Build.0 = Debug|Any CPU
		{48BA53D4-D52A-4948-8C2E-29C199407215}.Release|Any CPU.ActiveCfg = Release|Any CPU
		{48BA53D4-D52A-4948-8C2E-29C199407215}.Release|Any CPU.Build.0 = Release|Any CPU
	EndGlobalSection
	GlobalSection(SolutionProperties) = preSolution
		HideSolutionNode = FALSE
	EndGlobalSection
EndGlobal
